
Microsoft Visual Studio Solution File, Format Version 12.00
# Visual Studio Version 16
VisualStudioVersion = 16.0.28729.10
MinimumVisualStudioVersion = 10.0.40219.1
Project("{888888A0-9F3D-457C-B088-3A5042F75D52}") = "wxPY", "wxPY\wxPY.pyproj", "{4876C45F-3565-4257-AA27-BFC5A1F06D9F}"
EndProject
Global
	GlobalSection(SolutionConfigurationPlatforms) = preSolution
		Debug|Any CPU = Debug|Any CPU
		Release|Any CPU = Release|Any CPU
	EndGlobalSection
	GlobalSection(ProjectConfigurationPlatforms) = postSolution
		{4876C45F-3565-4257-AA27-BFC5A1F06D9F}.Debug|Any CPU.ActiveCfg = Debug|Any CPU
		{4876C45F-3565-4257-AA27-BFC5A1F06D9F}.Release|Any CPU.ActiveCfg = Release|Any CPU
	EndGlobalSection
	GlobalSection(SolutionProperties) = preSolution
		HideSolutionNode = FALSE
	EndGlobalSection
	GlobalSection(ExtensibilityGlobals) = postSolution
		SolutionGuid = {CAE021BD-8992-40E7-A452-2C17C452BB1E}
	EndGlobalSection
EndGlobal
